
Microsoft Visual Studio Solution File, Format Version 12.00
# Visual Studio Version 16
VisualStudioVersion = 16.0.810.14
MinimumVisualStudioVersion = 10.0.40219.1
Project("{FAE04EC0-301F-11D3-BF4B-00C04F79EFBC}") = "Lista_Avaliativa_2", "Lista_Avaliativa_2\Lista_Avaliativa_2.csproj", "{9536A006-201F-4B73-86C6-668AC0510FEB}"
EndProject
Global
	GlobalSection(SolutionConfigurationPlatforms) = preSolution
		Debug|Any CPU = Debug|Any CPU
		Release|Any CPU = Release|Any CPU
	EndGlobalSection
	GlobalSection(ProjectConfigurationPlatforms) = postSolution
		{9536A006-201F-4B73-86C6-668AC0510FEB}.Debug|Any CPU.ActiveCfg = Debug|Any CPU
		{9536A006-201F-4B73-86C6-668AC0510FEB}.Debug|Any CPU.Build.0 = Debug|Any CPU
		{9536A006-201F-4B73-86C6-668AC0510FEB}.Release|Any CPU.ActiveCfg = Release|Any CPU
		{9536A006-201F-4B73-86C6-668AC0510FEB}.Release|Any CPU.Build.0 = Release|Any CPU
	EndGlobalSection
	GlobalSection(SolutionProperties) = preSolution
		HideSolutionNode = FALSE
	EndGlobalSection
	GlobalSection(ExtensibilityGlobals) = postSolution
		SolutionGuid = {1D5E3BB4-3E58-49F0-9390-641A5DAD28D1}
	EndGlobalSection
EndGlobal
